<?xml version="1.0" encoding="UTF-8" standalone="yes" ?>
<CodeBlocks_project_file>
	<FileVersion major="1" minor="6" />
	<Project>
		<Option title="Moodle" />
		<Option pch_mode="2" />
		<Option compiler="gcc" />
		<Build>
			<Target title="Debug">
				<Option output="bin/Debug/Moodle" prefix_auto="1" extension_auto="1" />
				<Option object_output="obj/Debug/" />
				<Option type="1" />
				<Option compiler="gcc" />
				<Compiler>
					<Add option="-g" />
				</Compiler>
			</Target>
			<Target title="Release">
				<Option output="bin/Release/Moodle" prefix_auto="1" extension_auto="1" />
				<Option object_output="obj/Release/" />
				<Option type="1" />
				<Option compiler="gcc" />
				<Compiler>
					<Add option="-O2" />
				</Compiler>
				<Linker>
					<Add option="-s" />
				</Linker>
			</Target>
		</Build>
		<Compiler>
			<Add option="-Wall" />
			<Add option="-fexceptions" />
		</Compiler>
		<Unit filename="Class.cpp" />
		<Unit filename="Class.h" />
		<Unit filename="Class_Test_File.txt" />
		<Unit filename="Course.cpp" />
		<Unit filename="Course.h" />
		<Unit filename="CourseRegistration.h" />
		<Unit filename="Date.h" />
		<Unit filename="Driver.cpp" />
		<Unit filename="Info_Course.csv" />
		<Unit filename="Initialize.h" />
		<Unit filename="Iterator.h" />
		<Unit filename="Link.h" />
		<Unit filename="Linked_List.h" />
		<Unit filename="Login.h" />
		<Unit filename="MainGUI.h" />
		<Unit filename="Node.h" />
		<Unit filename="RegistrationSystem.h" />
		<Unit filename="RegistrationSystemData.h" />
		<Unit filename="Release/Account.obj" />
		<Unit filename="Release/Class.obj" />
		<Unit filename="Release/Course.obj" />
		<Unit filename="Release/Course_R.8cdb06ba.tlog/CL.command.1.tlog" />
		<Unit filename="Release/Course_R.8cdb06ba.tlog/CL.read.1.tlog" />
		<Unit filename="Release/Course_R.8cdb06ba.tlog/CL.write.1.tlog" />
		<Unit filename="Release/Course_R.8cdb06ba.tlog/Course_Registration_System.lastbuildstate" />
		<Unit filename="Release/Course_R.8cdb06ba.tlog/Course_Registration_System.write.1u.tlog" />
		<Unit filename="Release/Course_R.8cdb06ba.tlog/link.command.1.tlog" />
		<Unit filename="Release/Course_R.8cdb06ba.tlog/link.read.1.tlog" />
		<Unit filename="Release/Course_R.8cdb06ba.tlog/link.write.1.tlog" />
		<Unit filename="Release/Course_Registration_System.exe" />
		<Unit filename="Release/Course_Registration_System.exe.recipe" />
		<Unit filename="Release/Course_Registration_System.iobj" />
		<Unit filename="Release/Course_Registration_System.ipdb" />
		<Unit filename="Release/Course_Registration_System.log" />
		<Unit filename="Release/Course_Registration_System.pdb" />
		<Unit filename="Release/Course_Registration_System.vcxproj.FileListAbsolute.txt" />
		<Unit filename="Release/Driver.obj" />
		<Unit filename="Release/RegistrationSystem.obj" />
		<Unit filename="Release/SchoolYear.obj" />
		<Unit filename="Release/Semester.obj" />
		<Unit filename="Release/Staff.obj" />
		<Unit filename="Release/Student.obj" />
		<Unit filename="Release/vc142.pdb" />
		<Unit filename="Release/vc143.pdb" />
		<Unit filename="SchoolYear.cpp" />
		<Unit filename="SchoolYear.h" />
		<Unit filename="Semester.cpp" />
		<Unit filename="Semester.h" />
		<Unit filename="Staff.cpp" />
		<Unit filename="Staff.h" />
		<Unit filename="Student.cpp" />
		<Unit filename="Student.h" />
		<Unit filename="Student_Test_File.txt" />
		<Unit filename="Test_student.txt" />
		<Unit filename="User.h" />
		<Unit filename="classData.h" />
		<Unit filename="closeCourseRegistration.h" />
		<Unit filename="courseActive.h" />
		<Unit filename="courseData.h" />
		<Unit filename="createNewCourse.h" />
		<Unit filename="createNewYear.h" />
		<Unit filename="createSemester.h" />
		<Unit filename="getData.h" />
		<Unit filename="main.cpp" />
		<Unit filename="openCourseRegistration.h" />
		<Unit filename="other.h" />
		<Unit filename="publishCourse.h" />
		<Unit filename="schoolyearData.h" />
		<Unit filename="semesterData.h" />
		<Unit filename="semester_input.txt" />
		<Unit filename="semester_output.txt" />
		<Unit filename="staffData.h" />
		<Unit filename="staffProfile.h" />
		<Unit filename="studentData.h" />
		<Unit filename="studentProfile.h" />
		<Unit filename="studentScoreboard.h" />
		<Unit filename="system/schoolyears/names.txt" />
		<Unit filename="system/staffs/accounts.txt" />
		<Unit filename="system/staffs/staffs.txt" />
		<Unit filename="system/students/accounts.txt" />
		<Unit filename="system/students/students.txt" />
		<Unit filename="testDatafile.h" />
		<Unit filename="test_course.csv" />
		<Unit filename="test_csv.csv" />
		<Unit filename="updateStudentResults.h" />
		<Unit filename="viewClass.h" />
		<Unit filename="viewCourse.h" />
		<Unit filename="viewScoreBoard.h" />
		<Extensions>
			<code_completion />
			<envvars />
			<debugger />
			<lib_finder disable_auto="1" />
		</Extensions>
	</Project>
</CodeBlocks_project_file>
